
Microsoft Visual Studio Solution File, Format Version 12.00
# Visual Studio 15
VisualStudioVersion = 15.0.26124.0
MinimumVisualStudioVersion = 15.0.26124.0
Project("{2150E333-8FDC-42A3-9474-1A3956D46DE8}") = "CaptchaResolverApp", "CaptchaResolverApp", "{9DB81A15-037D-4081-BFA1-042A855A1561}"
EndProject
Project("{FAE04EC0-301F-11D3-BF4B-00C04F79EFBC}") = "CaptchaResolverApp", "CaptchaResolverApp\src\CaptchaResolverApp.csproj", "{67665046-1AA9-4D1F-97A5-993159D5B825}"
EndProject
Project("{2150E333-8FDC-42A3-9474-1A3956D46DE8}") = "Console", "Console", "{3C541C68-1B8D-42E1-97B6-C41DD4048A8A}"
EndProject
Project("{FAE04EC0-301F-11D3-BF4B-00C04F79EFBC}") = "Console", "Console\src\Console.csproj", "{072905BB-CA54-42D8-95D2-5F2AE7918095}"
EndProject
Project("{FAE04EC0-301F-11D3-BF4B-00C04F79EFBC}") = "ConsoleTests", "Console\test\ConsoleTests.csproj", "{F401BA71-8BCF-4BD4-B8DE-5DD6DF9BDF7A}"
EndProject
Global
	GlobalSection(SolutionConfigurationPlatforms) = preSolution
		Debug|Any CPU = Debug|Any CPU
		Debug|x64 = Debug|x64
		Debug|x86 = Debug|x86
		Release|Any CPU = Release|Any CPU
		Release|x64 = Release|x64
		Release|x86 = Release|x86
	EndGlobalSection
	GlobalSection(SolutionProperties) = preSolution
		HideSolutionNode = FALSE
	EndGlobalSection
	GlobalSection(ProjectConfigurationPlatforms) = postSolution
		{67665046-1AA9-4D1F-97A5-993159D5B825}.Debug|Any CPU.ActiveCfg = Debug|Any CPU
		{67665046-1AA9-4D1F-97A5-993159D5B825}.Debug|Any CPU.Build.0 = Debug|Any CPU
		{67665046-1AA9-4D1F-97A5-993159D5B825}.Debug|x64.ActiveCfg = Debug|Any CPU
		{67665046-1AA9-4D1F-97A5-993159D5B825}.Debug|x64.Build.0 = Debug|Any CPU
		{67665046-1AA9-4D1F-97A5-993159D5B825}.Debug|x86.ActiveCfg = Debug|Any CPU
		{67665046-1AA9-4D1F-97A5-993159D5B825}.Debug|x86.Build.0 = Debug|Any CPU
		{67665046-1AA9-4D1F-97A5-993159D5B825}.Release|Any CPU.ActiveCfg = Release|Any CPU
		{67665046-1AA9-4D1F-97A5-993159D5B825}.Release|Any CPU.Build.0 = Release|Any CPU
		{67665046-1AA9-4D1F-97A5-993159D5B825}.Release|x64.ActiveCfg = Release|Any CPU
		{67665046-1AA9-4D1F-97A5-993159D5B825}.Release|x64.Build.0 = Release|Any CPU
		{67665046-1AA9-4D1F-97A5-993159D5B825}.Release|x86.ActiveCfg = Release|Any CPU
		{67665046-1AA9-4D1F-97A5-993159D5B825}.Release|x86.Build.0 = Release|Any CPU
		{072905BB-CA54-42D8-95D2-5F2AE7918095}.Debug|Any CPU.ActiveCfg = Debug|Any CPU
		{072905BB-CA54-42D8-95D2-5F2AE7918095}.Debug|Any CPU.Build.0 = Debug|Any CPU
		{072905BB-CA54-42D8-95D2-5F2AE7918095}.Debug|x64.ActiveCfg = Debug|Any CPU
		{072905BB-CA54-42D8-95D2-5F2AE7918095}.Debug|x64.Build.0 = Debug|Any CPU
		{072905BB-CA54-42D8-95D2-5F2AE7918095}.Debug|x86.ActiveCfg = Debug|Any CPU
		{072905BB-CA54-42D8-95D2-5F2AE7918095}.Debug|x86.Build.0 = Debug|Any CPU
		{072905BB-CA54-42D8-95D2-5F2AE7918095}.Release|Any CPU.ActiveCfg = Release|Any CPU
		{072905BB-CA54-42D8-95D2-5F2AE7918095}.Release|Any CPU.Build.0 = Release|Any CPU
		{072905BB-CA54-42D8-95D2-5F2AE7918095}.Release|x64.ActiveCfg = Release|Any CPU
		{072905BB-CA54-42D8-95D2-5F2AE7918095}.Release|x64.Build.0 = Release|Any CPU
		{072905BB-CA54-42D8-95D2-5F2AE7918095}.Release|x86.ActiveCfg = Release|Any CPU
		{072905BB-CA54-42D8-95D2-5F2AE7918095}.Release|x86.Build.0 = Release|Any CPU
		{F401BA71-8BCF-4BD4-B8DE-5DD6DF9BDF7A}.Debug|Any CPU.ActiveCfg = Debug|Any CPU
		{F401BA71-8BCF-4BD4-B8DE-5DD6DF9BDF7A}.Debug|Any CPU.Build.0 = Debug|Any CPU
		{F401BA71-8BCF-4BD4-B8DE-5DD6DF9BDF7A}.Debug|x64.ActiveCfg = Debug|Any CPU
		{F401BA71-8BCF-4BD4-B8DE-5DD6DF9BDF7A}.Debug|x64.Build.0 = Debug|Any CPU
		{F401BA71-8BCF-4BD4-B8DE-5DD6DF9BDF7A}.Debug|x86.ActiveCfg = Debug|Any CPU
		{F401BA71-8BCF-4BD4-B8DE-5DD6DF9BDF7A}.Debug|x86.Build.0 = Debug|Any CPU
		{F401BA71-8BCF-4BD4-B8DE-5DD6DF9BDF7A}.Release|Any CPU.ActiveCfg = Release|Any CPU
		{F401BA71-8BCF-4BD4-B8DE-5DD6DF9BDF7A}.Release|Any CPU.Build.0 = Release|Any CPU
		{F401BA71-8BCF-4BD4-B8DE-5DD6DF9BDF7A}.Release|x64.ActiveCfg = Release|Any CPU
		{F401BA71-8BCF-4BD4-B8DE-5DD6DF9BDF7A}.Release|x64.Build.0 = Release|Any CPU
		{F401BA71-8BCF-4BD4-B8DE-5DD6DF9BDF7A}.Release|x86.ActiveCfg = Release|Any CPU
		{F401BA71-8BCF-4BD4-B8DE-5DD6DF9BDF7A}.Release|x86.Build.0 = Release|Any CPU
	EndGlobalSection
	GlobalSection(NestedProjects) = preSolution
		{67665046-1AA9-4D1F-97A5-993159D5B825} = {9DB81A15-037D-4081-BFA1-042A855A1561}
		{072905BB-CA54-42D8-95D2-5F2AE7918095} = {3C541C68-1B8D-42E1-97B6-C41DD4048A8A}
		{F401BA71-8BCF-4BD4-B8DE-5DD6DF9BDF7A} = {3C541C68-1B8D-42E1-97B6-C41DD4048A8A}
	EndGlobalSection
EndGlobal
