
Microsoft Visual Studio Solution File, Format Version 12.00
# Visual Studio 15
VisualStudioVersion = 15.0.26124.0
MinimumVisualStudioVersion = 15.0.26124.0
Project("{2150E333-8FDC-42A3-9474-1A3956D46DE8}") = "DaraConsole", "DaraConsole", "{490262B6-C217-4953-AC29-0A16EB00F736}"
EndProject
Project("{FAE04EC0-301F-11D3-BF4B-00C04F79EFBC}") = "DaraBot", "DaraConsole\src\DaraBot.csproj", "{43007D17-0DA2-4E0A-BCDC-27A1A705C7FB}"
EndProject
Project("{FAE04EC0-301F-11D3-BF4B-00C04F79EFBC}") = "test", "DaraConsole\test\test.csproj", "{9B7F0CA0-7E12-4848-9EF0-4E340673CBCA}"
EndProject
Global
	GlobalSection(SolutionConfigurationPlatforms) = preSolution
		Debug|Any CPU = Debug|Any CPU
		Debug|x64 = Debug|x64
		Debug|x86 = Debug|x86
		Release|Any CPU = Release|Any CPU
		Release|x64 = Release|x64
		Release|x86 = Release|x86
	EndGlobalSection
	GlobalSection(SolutionProperties) = preSolution
		HideSolutionNode = FALSE
	EndGlobalSection
	GlobalSection(ProjectConfigurationPlatforms) = postSolution
		{43007D17-0DA2-4E0A-BCDC-27A1A705C7FB}.Debug|Any CPU.ActiveCfg = Debug|Any CPU
		{43007D17-0DA2-4E0A-BCDC-27A1A705C7FB}.Debug|Any CPU.Build.0 = Debug|Any CPU
		{43007D17-0DA2-4E0A-BCDC-27A1A705C7FB}.Debug|x64.ActiveCfg = Debug|Any CPU
		{43007D17-0DA2-4E0A-BCDC-27A1A705C7FB}.Debug|x64.Build.0 = Debug|Any CPU
		{43007D17-0DA2-4E0A-BCDC-27A1A705C7FB}.Debug|x86.ActiveCfg = Debug|Any CPU
		{43007D17-0DA2-4E0A-BCDC-27A1A705C7FB}.Debug|x86.Build.0 = Debug|Any CPU
		{43007D17-0DA2-4E0A-BCDC-27A1A705C7FB}.Release|Any CPU.ActiveCfg = Release|Any CPU
		{43007D17-0DA2-4E0A-BCDC-27A1A705C7FB}.Release|Any CPU.Build.0 = Release|Any CPU
		{43007D17-0DA2-4E0A-BCDC-27A1A705C7FB}.Release|x64.ActiveCfg = Release|Any CPU
		{43007D17-0DA2-4E0A-BCDC-27A1A705C7FB}.Release|x64.Build.0 = Release|Any CPU
		{43007D17-0DA2-4E0A-BCDC-27A1A705C7FB}.Release|x86.ActiveCfg = Release|Any CPU
		{43007D17-0DA2-4E0A-BCDC-27A1A705C7FB}.Release|x86.Build.0 = Release|Any CPU
		{9B7F0CA0-7E12-4848-9EF0-4E340673CBCA}.Debug|Any CPU.ActiveCfg = Debug|Any CPU
		{9B7F0CA0-7E12-4848-9EF0-4E340673CBCA}.Debug|Any CPU.Build.0 = Debug|Any CPU
		{9B7F0CA0-7E12-4848-9EF0-4E340673CBCA}.Debug|x64.ActiveCfg = Debug|Any CPU
		{9B7F0CA0-7E12-4848-9EF0-4E340673CBCA}.Debug|x64.Build.0 = Debug|Any CPU
		{9B7F0CA0-7E12-4848-9EF0-4E340673CBCA}.Debug|x86.ActiveCfg = Debug|Any CPU
		{9B7F0CA0-7E12-4848-9EF0-4E340673CBCA}.Debug|x86.Build.0 = Debug|Any CPU
		{9B7F0CA0-7E12-4848-9EF0-4E340673CBCA}.Release|Any CPU.ActiveCfg = Release|Any CPU
		{9B7F0CA0-7E12-4848-9EF0-4E340673CBCA}.Release|Any CPU.Build.0 = Release|Any CPU
		{9B7F0CA0-7E12-4848-9EF0-4E340673CBCA}.Release|x64.ActiveCfg = Release|Any CPU
		{9B7F0CA0-7E12-4848-9EF0-4E340673CBCA}.Release|x64.Build.0 = Release|Any CPU
		{9B7F0CA0-7E12-4848-9EF0-4E340673CBCA}.Release|x86.ActiveCfg = Release|Any CPU
		{9B7F0CA0-7E12-4848-9EF0-4E340673CBCA}.Release|x86.Build.0 = Release|Any CPU
	EndGlobalSection
	GlobalSection(NestedProjects) = preSolution
		{43007D17-0DA2-4E0A-BCDC-27A1A705C7FB} = {490262B6-C217-4953-AC29-0A16EB00F736}
		{9B7F0CA0-7E12-4848-9EF0-4E340673CBCA} = {490262B6-C217-4953-AC29-0A16EB00F736}
	EndGlobalSection
EndGlobal
